
Microsoft Visual Studio Solution File, Format Version 12.00
# Visual Studio Version 16
VisualStudioVersion = 16.0.30621.155
MinimumVisualStudioVersion = 10.0.40219.1
Project("{FAE04EC0-301F-11D3-BF4B-00C04F79EFBC}") = "Classes", "Classes\Classes.csproj", "{7D8C4D4D-43C9-417A-A020-99C91D6D37F6}"
EndProject
Project("{FAE04EC0-301F-11D3-BF4B-00C04F79EFBC}") = "VuelosApp", "VuelosApp\VuelosApp.csproj", "{BE31DAF0-94EC-41E4-B149-26B2ADB07B49}"
EndProject
Global
	GlobalSection(SolutionConfigurationPlatforms) = preSolution
		Debug|Any CPU = Debug|Any CPU
		Release|Any CPU = Release|Any CPU
	EndGlobalSection
	GlobalSection(ProjectConfigurationPlatforms) = postSolution
		{7D8C4D4D-43C9-417A-A020-99C91D6D37F6}.Debug|Any CPU.ActiveCfg = Debug|Any CPU
		{7D8C4D4D-43C9-417A-A020-99C91D6D37F6}.Debug|Any CPU.Build.0 = Debug|Any CPU
		{7D8C4D4D-43C9-417A-A020-99C91D6D37F6}.Release|Any CPU.ActiveCfg = Release|Any CPU
		{7D8C4D4D-43C9-417A-A020-99C91D6D37F6}.Release|Any CPU.Build.0 = Release|Any CPU
		{BE31DAF0-94EC-41E4-B149-26B2ADB07B49}.Debug|Any CPU.ActiveCfg = Debug|Any CPU
		{BE31DAF0-94EC-41E4-B149-26B2ADB07B49}.Debug|Any CPU.Build.0 = Debug|Any CPU
		{BE31DAF0-94EC-41E4-B149-26B2ADB07B49}.Release|Any CPU.ActiveCfg = Release|Any CPU
		{BE31DAF0-94EC-41E4-B149-26B2ADB07B49}.Release|Any CPU.Build.0 = Release|Any CPU
	EndGlobalSection
	GlobalSection(SolutionProperties) = preSolution
		HideSolutionNode = FALSE
	EndGlobalSection
	GlobalSection(ExtensibilityGlobals) = postSolution
		SolutionGuid = {FA9C2C21-E618-4E98-9AD6-EF9F48286F5C}
	EndGlobalSection
EndGlobal
